
Microsoft Visual Studio Solution File, Format Version 12.00
# Visual Studio Version 17
VisualStudioVersion = 17.4.33110.190
MinimumVisualStudioVersion = 10.0.40219.1
Project("{9A19103F-16F7-4668-BE54-9A1E7A4F7556}") = "EmpleadoComFrontend", "EmpleadoCom\EmpleadoComFrontend.csproj", "{CEB5FBA8-8E09-4A7E-B2C9-900E5AF866C5}"
EndProject
Global
	GlobalSection(SolutionConfigurationPlatforms) = preSolution
		Debug|Any CPU = Debug|Any CPU
		Release|Any CPU = Release|Any CPU
	EndGlobalSection
	GlobalSection(ProjectConfigurationPlatforms) = postSolution
		{CEB5FBA8-8E09-4A7E-B2C9-900E5AF866C5}.Debug|Any CPU.ActiveCfg = Debug|Any CPU
		{CEB5FBA8-8E09-4A7E-B2C9-900E5AF866C5}.Debug|Any CPU.Build.0 = Debug|Any CPU
		{CEB5FBA8-8E09-4A7E-B2C9-900E5AF866C5}.Release|Any CPU.ActiveCfg = Release|Any CPU
		{CEB5FBA8-8E09-4A7E-B2C9-900E5AF866C5}.Release|Any CPU.Build.0 = Release|Any CPU
	EndGlobalSection
	GlobalSection(SolutionProperties) = preSolution
		HideSolutionNode = FALSE
	EndGlobalSection
	GlobalSection(ExtensibilityGlobals) = postSolution
		SolutionGuid = {579E6A89-A9F6-4FC3-84F7-5B85B323BD72}
	EndGlobalSection
EndGlobal
